{
    "_readme": [
        "This file locks the dependencies of your project to a known state",
        "Read more about it at https://getcomposer.org/doc/01-basic-usage.md#composer-lock-the-lock-file",
        "This file is @generated automatically"
    ],
    "hash": "15fb57f9b6fee0f40dc3d9ee5e3b138b",
    "content-hash": "d3d1cb620c3ef0998095e2493b29fbdd",
    "packages": [
        {
            "name": "dg/adminer-custom",
            "version": "v1.6.4",
            "source": {
                "type": "git",
                "url": "https://github.com/dg/adminer-custom.git",
                "reference": "5215a1fa29ae9fc4304a867ce972f252b12921b0"
            },
            "dist": {
                "type": "zip",
                "url": "https://api.github.com/repos/dg/adminer-custom/zipball/5215a1fa29ae9fc4304a867ce972f252b12921b0",
                "reference": "5215a1fa29ae9fc4304a867ce972f252b12921b0",
                "shasum": ""
            },
            "type": "project",
            "notification-url": "https://packagist.org/downloads/",
            "description": "Customization for the best database management tool written in PHP, Adminer",
            "time": "2015-09-07 07:29:02"
        },
        {
            "name": "latte/latte",
            "version": "v2.3.7",
            "source": {
                "type": "git",
                "url": "https://github.com/nette/latte.git",
                "reference": "b6e090e461c9cd88d60ae79a7713990b17b1531c"
            },
            "dist": {
                "type": "zip",
                "url": "https://api.github.com/repos/nette/latte/zipball/b6e090e461c9cd88d60ae79a7713990b17b1531c",
                "reference": "b6e090e461c9cd88d60ae79a7713990b17b1531c",
                "shasum": ""
            },
            "require": {
                "ext-tokenizer": "*",
                "php": ">=5.3.1"
            },
            "require-dev": {
                "nette/tester": "~1.3"
            },
            "suggest": {
                "ext-fileinfo": "to use filter |datastream",
                "ext-mbstring": "to use filters like lower, upper, capitalize, ..."
            },
            "type": "library",
            "autoload": {
                "classmap": [
                    "src/"
                ]
            },
            "notification-url": "https://packagist.org/downloads/",
            "license": [
                "BSD-3-Clause",
                "GPL-2.0",
                "GPL-3.0"
            ],
            "authors": [
                {
                    "name": "David Grudl",
                    "homepage": "https://davidgrudl.com"
                },
                {
                    "name": "Nette Community",
                    "homepage": "https://nette.org/contributors"
                }
            ],
            "description": "Latte: the amazing template engine for PHP",
            "homepage": "https://latte.nette.org",
            "keywords": [
                "templating",
                "twig"
            ],
            "time": "2015-11-07 22:54:05"
        },
        {
            "name": "nette/application",
            "version": "v2.3.7",
            "source": {
                "type": "git",
                "url": "https://github.com/nette/application.git",
                "reference": "8e87ae81c2098abd7895bfd96d9fac1cd332abc3"
            },
            "dist": {
                "type": "zip",
                "url": "https://api.github.com/repos/nette/application/zipball/8e87ae81c2098abd7895bfd96d9fac1cd332abc3",
                "reference": "8e87ae81c2098abd7895bfd96d9fac1cd332abc3",
                "shasum": ""
            },
            "require": {
                "nette/component-model": "~2.2",
                "nette/http": "~2.2",
                "nette/reflection": "~2.2",
                "nette/security": "~2.2",
                "nette/utils": "~2.2",
                "php": ">=5.3.1"
            },
            "conflict": {
                "nette/nette": "<2.2"
            },
            "require-dev": {
                "latte/latte": "~2.3.0",
                "nette/di": "~2.3",
                "nette/forms": "~2.2",
                "nette/robot-loader": "~2.2",
                "nette/tester": "~1.3"
            },
            "suggest": {
                "latte/latte": "Allows using Latte in templates",
                "nette/forms": "Allows to use Nette\\Application\\UI\\Form"
            },
            "type": "library",
            "autoload": {
                "classmap": [
                    "src/"
                ]
            },
            "notification-url": "https://packagist.org/downloads/",
            "license": [
                "BSD-3-Clause",
                "GPL-2.0",
                "GPL-3.0"
            ],
            "authors": [
                {
                    "name": "David Grudl",
                    "homepage": "https://davidgrudl.com"
                },
                {
                    "name": "Nette Community",
                    "homepage": "https://nette.org/contributors"
                }
            ],
            "description": "Nette Application MVC Component",
            "homepage": "https://nette.org",
            "time": "2015-10-13 14:33:28"
        },
        {
            "name": "nette/bootstrap",
            "version": "v2.3.3",
            "source": {
                "type": "git",
                "url": "https://github.com/nette/bootstrap.git",
                "reference": "8e2db45c39a1fa24f88e94c7b2a62ad09e9a306e"
            },
            "dist": {
                "type": "zip",
                "url": "https://api.github.com/repos/nette/bootstrap/zipball/8e2db45c39a1fa24f88e94c7b2a62ad09e9a306e",
                "reference": "8e2db45c39a1fa24f88e94c7b2a62ad09e9a306e",
                "shasum": ""
            },
            "require": {
                "nette/di": "~2.3",
                "nette/utils": "~2.2",
                "php": ">=5.3.1"
            },
            "conflict": {
                "nette/nette": "<2.2"
            },
            "require-dev": {
                "latte/latte": "~2.2",
                "nette/application": "~2.3",
                "nette/caching": "~2.3",
                "nette/database": "~2.3",
                "nette/forms": "~2.3",
                "nette/http": "~2.3",
                "nette/mail": "~2.3",
                "nette/robot-loader": "~2.2",
                "nette/safe-stream": "~2.2",
                "nette/security": "~2.3",
                "nette/tester": "~1.3",
                "tracy/tracy": "~2.3"
            },
            "suggest": {
                "nette/robot-loader": "to use Configurator::createRobotLoader()",
                "tracy/tracy": "to use Configurator::enableDebugger()"
            },
            "type": "library",
            "autoload": {
                "classmap": [
                    "src/"
                ]
            },
            "notification-url": "https://packagist.org/downloads/",
            "license": [
                "BSD-3-Clause",
                "GPL-2.0",
                "GPL-3.0"
            ],
            "authors": [
                {
                    "name": "David Grudl",
                    "homepage": "http://davidgrudl.com"
                },
                {
                    "name": "Nette Community",
                    "homepage": "http://nette.org/contributors"
                }
            ],
            "description": "Nette Bootstrap",
            "homepage": "http://nette.org",
            "time": "2015-07-11 21:07:11"
        },
        {
            "name": "nette/caching",
            "version": "v2.3.3",
            "source": {
                "type": "git",
                "url": "https://github.com/nette/caching.git",
                "reference": "d4be13806d70c02d53b72cc63e93de6cf813f50f"
            },
            "dist": {
                "type": "zip",
                "url": "https://api.github.com/repos/nette/caching/zipball/d4be13806d70c02d53b72cc63e93de6cf813f50f",
                "reference": "d4be13806d70c02d53b72cc63e93de6cf813f50f",
                "shasum": ""
            },
            "require": {
                "nette/finder": "~2.2",
                "nette/utils": "~2.2",
                "php": ">=5.3.1"
            },
            "conflict": {
                "nette/nette": "<2.2"
            },
            "require-dev": {
                "latte/latte": "~2.3.0",
                "nette/di": "~2.3",
                "nette/tester": "~1.4"
            },
            "type": "library",
            "extra": {
                "branch-alias": {
                    "dev-master": "2.3-dev"
                }
            },
            "autoload": {
                "classmap": [
                    "src/"
                ]
            },
            "notification-url": "https://packagist.org/downloads/",
            "license": [
                "BSD-3-Clause",
                "GPL-2.0",
                "GPL-3.0"
            ],
            "authors": [
                {
                    "name": "David Grudl",
                    "homepage": "http://davidgrudl.com"
                },
                {
                    "name": "Nette Community",
                    "homepage": "http://nette.org/contributors"
                }
            ],
            "description": "Nette Caching Component",
            "homepage": "http://nette.org",
            "time": "2015-07-11 21:09:42"
        },
        {
            "name": "nette/component-model",
            "version": "v2.2.4",
            "source": {
                "type": "git",
                "url": "https://github.com/nette/component-model.git",
                "reference": "07bce436051fd92d084642ce7a47f00045e0d1e5"
            },
            "dist": {
                "type": "zip",
                "url": "https://api.github.com/repos/nette/component-model/zipball/07bce436051fd92d084642ce7a47f00045e0d1e5",
                "reference": "07bce436051fd92d084642ce7a47f00045e0d1e5",
                "shasum": ""
            },
            "require": {
                "nette/utils": "^2.3.5",
                "php": ">=5.3.1"
            },
            "conflict": {
                "nette/nette": "<2.2"
            },
            "require-dev": {
                "nette/tester": "~1.3"
            },
            "type": "library",
            "autoload": {
                "classmap": [
                    "src/"
                ]
            },
            "notification-url": "https://packagist.org/downloads/",
            "license": [
                "BSD-3-Clause",
                "GPL-2.0",
                "GPL-3.0"
            ],
            "authors": [
                {
                    "name": "David Grudl",
                    "homepage": "https://davidgrudl.com"
                },
                {
                    "name": "Nette Community",
                    "homepage": "https://nette.org/contributors"
                }
            ],
            "description": "Nette Component Model",
            "homepage": "https://nette.org",
            "time": "2015-10-06 17:54:05"
        },
        {
            "name": "nette/database",
            "version": "v2.3.7",
            "source": {
                "type": "git",
                "url": "https://github.com/nette/database.git",
                "reference": "32ab8af7abb405c6415ef335d3395dea9d575859"
            },
            "dist": {
                "type": "zip",
                "url": "https://api.github.com/repos/nette/database/zipball/32ab8af7abb405c6415ef335d3395dea9d575859",
                "reference": "32ab8af7abb405c6415ef335d3395dea9d575859",
                "shasum": ""
            },
            "require": {
                "ext-pdo": "*",
                "nette/caching": "~2.2",
                "nette/utils": "^2.3.5",
                "php": ">=5.3.1"
            },
            "conflict": {
                "nette/nette": "<2.2"
            },
            "require-dev": {
                "mockery/mockery": "~0.9.1",
                "nette/di": "~2.3",
                "nette/tester": "~1.3"
            },
            "type": "library",
            "autoload": {
                "classmap": [
                    "src/"
                ]
            },
            "notification-url": "https://packagist.org/downloads/",
            "license": [
                "BSD-3-Clause",
                "GPL-2.0",
                "GPL-3.0"
            ],
            "authors": [
                {
                    "name": "David Grudl",
                    "homepage": "https://davidgrudl.com"
                },
                {
                    "name": "Nette Community",
                    "homepage": "https://nette.org/contributors"
                }
            ],
            "description": "Nette Database Component",
            "homepage": "https://nette.org",
            "time": "2015-10-05 13:16:36"
        },
        {
            "name": "nette/di",
            "version": "v2.3.6",
            "source": {
                "type": "git",
                "url": "https://github.com/nette/di.git",
                "reference": "efa1d13f016b58b4a9200802c9c5b14d10d72e85"
            },
            "dist": {
                "type": "zip",
                "url": "https://api.github.com/repos/nette/di/zipball/efa1d13f016b58b4a9200802c9c5b14d10d72e85",
                "reference": "efa1d13f016b58b4a9200802c9c5b14d10d72e85",
                "shasum": ""
            },
            "require": {
                "nette/neon": "^2.3.3",
                "nette/php-generator": "^2.3.3",
                "nette/utils": "~2.3",
                "php": ">=5.3.1"
            },
            "conflict": {
                "nette/nette": "<2.2"
            },
            "require-dev": {
                "nette/tester": "~1.3"
            },
            "type": "library",
            "autoload": {
                "classmap": [
                    "src/"
                ]
            },
            "notification-url": "https://packagist.org/downloads/",
            "license": [
                "BSD-3-Clause",
                "GPL-2.0",
                "GPL-3.0"
            ],
            "authors": [
                {
                    "name": "David Grudl",
                    "homepage": "http://davidgrudl.com"
                },
                {
                    "name": "Nette Community",
                    "homepage": "http://nette.org/contributors"
                }
            ],
            "description": "Nette Dependency Injection Component",
            "homepage": "http://nette.org",
            "time": "2015-09-14 18:18:24"
        },
        {
            "name": "nette/finder",
            "version": "v2.3.1",
            "source": {
                "type": "git",
                "url": "https://github.com/nette/finder.git",
                "reference": "38f803a03f4cddf352e28af70294c71f7026e516"
            },
            "dist": {
                "type": "zip",
                "url": "https://api.github.com/repos/nette/finder/zipball/38f803a03f4cddf352e28af70294c71f7026e516",
                "reference": "38f803a03f4cddf352e28af70294c71f7026e516",
                "shasum": ""
            },
            "require": {
                "nette/utils": "~2.2",
                "php": ">=5.3.1"
            },
            "conflict": {
                "nette/nette": "<2.2"
            },
            "require-dev": {
                "nette/tester": "~1.4"
            },
            "type": "library",
            "autoload": {
                "classmap": [
                    "src/"
                ]
            },
            "notification-url": "https://packagist.org/downloads/",
            "license": [
                "BSD-3-Clause",
                "GPL-2.0",
                "GPL-3.0"
            ],
            "authors": [
                {
                    "name": "David Grudl",
                    "homepage": "http://davidgrudl.com"
                },
                {
                    "name": "Nette Community",
                    "homepage": "http://nette.org/contributors"
                }
            ],
            "description": "Nette Finder: Files Searching",
            "homepage": "http://nette.org",
            "time": "2015-07-11 21:13:50"
        },
        {
            "name": "nette/forms",
            "version": "v2.3.6",
            "source": {
                "type": "git",
                "url": "https://github.com/nette/forms.git",
                "reference": "5e07a7b7180e5e88db9d44e12f1677e36b4f164b"
            },
            "dist": {
                "type": "zip",
                "url": "https://api.github.com/repos/nette/forms/zipball/5e07a7b7180e5e88db9d44e12f1677e36b4f164b",
                "reference": "5e07a7b7180e5e88db9d44e12f1677e36b4f164b",
                "shasum": ""
            },
            "require": {
                "nette/component-model": "~2.2",
                "nette/http": "~2.2",
                "nette/utils": "~2.2",
                "php": ">=5.3.1"
            },
            "conflict": {
                "nette/nette": "<2.2"
            },
            "require-dev": {
                "latte/latte": "~2.3.2",
                "nette/di": "~2.3",
                "nette/tester": "~1.3",
                "tracy/tracy": "~2.2"
            },
            "type": "library",
            "autoload": {
                "classmap": [
                    "src/"
                ]
            },
            "notification-url": "https://packagist.org/downloads/",
            "license": [
                "BSD-3-Clause",
                "GPL-2.0",
                "GPL-3.0"
            ],
            "authors": [
                {
                    "name": "David Grudl",
                    "homepage": "https://davidgrudl.com"
                },
                {
                    "name": "Nette Community",
                    "homepage": "https://nette.org/contributors"
                }
            ],
            "description": "Nette Forms: greatly facilitates web forms",
            "homepage": "https://nette.org",
            "time": "2015-10-19 01:41:55"
        },
        {
            "name": "nette/http",
            "version": "v2.3.3",
            "source": {
                "type": "git",
                "url": "https://github.com/nette/http.git",
                "reference": "ff2e4608391bca2444df9af6eaf8666ac853eb02"
            },
            "dist": {
                "type": "zip",
                "url": "https://api.github.com/repos/nette/http/zipball/ff2e4608391bca2444df9af6eaf8666ac853eb02",
                "reference": "ff2e4608391bca2444df9af6eaf8666ac853eb02",
                "shasum": ""
            },
            "require": {
                "nette/utils": "~2.2, >=2.2.2",
                "php": ">=5.3.1"
            },
            "conflict": {
                "nette/nette": "<2.2"
            },
            "require-dev": {
                "nette/di": "~2.3",
                "nette/tester": "~1.4"
            },
            "suggest": {
                "ext-fileinfo": "to detect type of uploaded files"
            },
            "type": "library",
            "autoload": {
                "classmap": [
                    "src/"
                ]
            },
            "notification-url": "https://packagist.org/downloads/",
            "license": [
                "BSD-3-Clause",
                "GPL-2.0",
                "GPL-3.0"
            ],
            "authors": [
                {
                    "name": "David Grudl",
                    "homepage": "http://davidgrudl.com"
                },
                {
                    "name": "Nette Community",
                    "homepage": "http://nette.org/contributors"
                }
            ],
            "description": "Nette HTTP Component",
            "homepage": "http://nette.org",
            "time": "2015-07-19 16:17:50"
        },
        {
            "name": "nette/mail",
            "version": "v2.3.3",
            "source": {
                "type": "git",
                "url": "https://github.com/nette/mail.git",
                "reference": "4ea303d96c6a80ffe357baf59d387f4fe2cfd412"
            },
            "dist": {
                "type": "zip",
                "url": "https://api.github.com/repos/nette/mail/zipball/4ea303d96c6a80ffe357baf59d387f4fe2cfd412",
                "reference": "4ea303d96c6a80ffe357baf59d387f4fe2cfd412",
                "shasum": ""
            },
            "require": {
                "ext-iconv": "*",
                "nette/utils": "~2.2",
                "php": ">=5.3.1"
            },
            "conflict": {
                "nette/nette": "<2.2"
            },
            "require-dev": {
                "nette/di": "~2.3",
                "nette/tester": "~1.3"
            },
            "suggest": {
                "ext-fileinfo": "to detect type of attached files"
            },
            "type": "library",
            "autoload": {
                "classmap": [
                    "src/"
                ]
            },
            "notification-url": "https://packagist.org/downloads/",
            "license": [
                "BSD-3-Clause",
                "GPL-2.0",
                "GPL-3.0"
            ],
            "authors": [
                {
                    "name": "David Grudl",
                    "homepage": "https://davidgrudl.com"
                },
                {
                    "name": "Nette Community",
                    "homepage": "https://nette.org/contributors"
                }
            ],
            "description": "Nette Mail: Sending E-mails",
            "homepage": "https://nette.org",
            "time": "2015-10-05 12:58:01"
        },
        {
            "name": "nette/neon",
            "version": "v2.3.3",
            "source": {
                "type": "git",
                "url": "https://github.com/nette/neon.git",
                "reference": "12bbb0e85ba8521dd291f4df0fe20a1b79aae32c"
            },
            "dist": {
                "type": "zip",
                "url": "https://api.github.com/repos/nette/neon/zipball/12bbb0e85ba8521dd291f4df0fe20a1b79aae32c",
                "reference": "12bbb0e85ba8521dd291f4df0fe20a1b79aae32c",
                "shasum": ""
            },
            "require": {
                "ext-iconv": "*",
                "php": ">=5.3.1"
            },
            "require-dev": {
                "nette/tester": "~1.4"
            },
            "type": "library",
            "autoload": {
                "classmap": [
                    "src/"
                ]
            },
            "notification-url": "https://packagist.org/downloads/",
            "license": [
                "BSD-3-Clause",
                "GPL-2.0",
                "GPL-3.0"
            ],
            "authors": [
                {
                    "name": "David Grudl",
                    "homepage": "http://davidgrudl.com"
                },
                {
                    "name": "Nette Community",
                    "homepage": "http://nette.org/contributors"
                }
            ],
            "description": "Nette NEON: parser & generator for Nette Object Notation",
            "homepage": "http://ne-on.org",
            "time": "2015-08-22 15:23:30"
        },
        {
            "name": "nette/php-generator",
            "version": "v2.3.4",
            "source": {
                "type": "git",
                "url": "https://github.com/nette/php-generator.git",
                "reference": "846028e9d885d2d8ec60823d995e1291bbe3eb69"
            },
            "dist": {
                "type": "zip",
                "url": "https://api.github.com/repos/nette/php-generator/zipball/846028e9d885d2d8ec60823d995e1291bbe3eb69",
                "reference": "846028e9d885d2d8ec60823d995e1291bbe3eb69",
                "shasum": ""
            },
            "require": {
                "nette/utils": "~2.2",
                "php": ">=5.3.1"
            },
            "conflict": {
                "nette/nette": "<2.2"
            },
            "require-dev": {
                "nette/tester": "~1.4"
            },
            "type": "library",
            "autoload": {
                "classmap": [
                    "src/"
                ]
            },
            "notification-url": "https://packagist.org/downloads/",
            "license": [
                "BSD-3-Clause",
                "GPL-2.0",
                "GPL-3.0"
            ],
            "authors": [
                {
                    "name": "David Grudl",
                    "homepage": "https://davidgrudl.com"
                },
                {
                    "name": "Nette Community",
                    "homepage": "https://nette.org/contributors"
                }
            ],
            "description": "Nette PHP Generator",
            "homepage": "https://nette.org",
            "time": "2015-10-09 14:34:13"
        },
        {
            "name": "nette/reflection",
            "version": "v2.3.1",
            "source": {
                "type": "git",
                "url": "https://github.com/nette/reflection.git",
                "reference": "9c2ed2a29f1f58125a0f19ffc987812d6b17d3e6"
            },
            "dist": {
                "type": "zip",
                "url": "https://api.github.com/repos/nette/reflection/zipball/9c2ed2a29f1f58125a0f19ffc987812d6b17d3e6",
                "reference": "9c2ed2a29f1f58125a0f19ffc987812d6b17d3e6",
                "shasum": ""
            },
            "require": {
                "ext-tokenizer": "*",
                "nette/caching": "~2.2",
                "nette/utils": "~2.2",
                "php": ">=5.3.1"
            },
            "conflict": {
                "nette/nette": "<2.2"
            },
            "require-dev": {
                "nette/di": "~2.3",
                "nette/tester": "~1.4"
            },
            "type": "library",
            "autoload": {
                "classmap": [
                    "src/"
                ]
            },
            "notification-url": "https://packagist.org/downloads/",
            "license": [
                "BSD-3-Clause",
                "GPL-2.0",
                "GPL-3.0"
            ],
            "authors": [
                {
                    "name": "David Grudl",
                    "homepage": "http://davidgrudl.com"
                },
                {
                    "name": "Nette Community",
                    "homepage": "http://nette.org/contributors"
                }
            ],
            "description": "Nette PHP Reflection Component",
            "homepage": "http://nette.org",
            "time": "2015-07-11 21:34:53"
        },
        {
            "name": "nette/robot-loader",
            "version": "v2.3.1",
            "source": {
                "type": "git",
                "url": "https://github.com/nette/robot-loader.git",
                "reference": "69331d359bbc9e5f911c12b82187cac914d983fb"
            },
            "dist": {
                "type": "zip",
                "url": "https://api.github.com/repos/nette/robot-loader/zipball/69331d359bbc9e5f911c12b82187cac914d983fb",
                "reference": "69331d359bbc9e5f911c12b82187cac914d983fb",
                "shasum": ""
            },
            "require": {
                "nette/caching": "~2.2",
                "nette/finder": "~2.3",
                "nette/utils": "~2.2",
                "php": ">=5.3.1"
            },
            "conflict": {
                "nette/nette": "<2.2"
            },
            "require-dev": {
                "nette/tester": "~1.4"
            },
            "type": "library",
            "autoload": {
                "classmap": [
                    "src/"
                ]
            },
            "notification-url": "https://packagist.org/downloads/",
            "license": [
                "BSD-3-Clause",
                "GPL-2.0",
                "GPL-3.0"
            ],
            "authors": [
                {
                    "name": "David Grudl",
                    "homepage": "http://davidgrudl.com"
                },
                {
                    "name": "Nette Community",
                    "homepage": "http://nette.org/contributors"
                }
            ],
            "description": "Nette RobotLoader: comfortable autoloading",
            "homepage": "http://nette.org",
            "time": "2015-07-11 21:20:57"
        },
        {
            "name": "nette/safe-stream",
            "version": "v2.3.1",
            "source": {
                "type": "git",
                "url": "https://github.com/nette/safe-stream.git",
                "reference": "bf30db367b51a0932c44dcb9a378927644d48b2e"
            },
            "dist": {
                "type": "zip",
                "url": "https://api.github.com/repos/nette/safe-stream/zipball/bf30db367b51a0932c44dcb9a378927644d48b2e",
                "reference": "bf30db367b51a0932c44dcb9a378927644d48b2e",
                "shasum": ""
            },
            "require": {
                "php": ">=5.3.1"
            },
            "conflict": {
                "nette/nette": "<2.2"
            },
            "require-dev": {
                "nette/tester": "~1.0"
            },
            "type": "library",
            "extra": {
                "branch-alias": {
                    "dev-master": "2.3-dev"
                }
            },
            "autoload": {
                "files": [
                    "src/loader.php"
                ]
            },
            "notification-url": "https://packagist.org/downloads/",
            "license": [
                "BSD-3-Clause",
                "GPL-2.0",
                "GPL-3.0"
            ],
            "authors": [
                {
                    "name": "David Grudl",
                    "homepage": "http://davidgrudl.com"
                },
                {
                    "name": "Nette Community",
                    "homepage": "http://nette.org/contributors"
                }
            ],
            "description": "Nette SafeStream: Atomic Operations",
            "homepage": "http://nette.org",
            "time": "2015-07-11 20:59:15"
        },
        {
            "name": "nette/security",
            "version": "v2.3.1",
            "source": {
                "type": "git",
                "url": "https://github.com/nette/security.git",
                "reference": "744264a42b506d63009d7e3853ed72b04c99e964"
            },
            "dist": {
                "type": "zip",
                "url": "https://api.github.com/repos/nette/security/zipball/744264a42b506d63009d7e3853ed72b04c99e964",
                "reference": "744264a42b506d63009d7e3853ed72b04c99e964",
                "shasum": ""
            },
            "require": {
                "nette/utils": "~2.2",
                "php": ">=5.3.1"
            },
            "conflict": {
                "nette/nette": "<2.2"
            },
            "require-dev": {
                "nette/di": "~2.3",
                "nette/http": "~2.3",
                "nette/tester": "~1.4"
            },
            "type": "library",
            "autoload": {
                "classmap": [
                    "src/"
                ]
            },
            "notification-url": "https://packagist.org/downloads/",
            "license": [
                "BSD-3-Clause",
                "GPL-2.0",
                "GPL-3.0"
            ],
            "authors": [
                {
                    "name": "David Grudl",
                    "homepage": "http://davidgrudl.com"
                },
                {
                    "name": "Nette Community",
                    "homepage": "http://nette.org/contributors"
                }
            ],
            "description": "Nette Security: Access Control Component",
            "homepage": "http://nette.org",
            "time": "2015-07-11 21:22:53"
        },
        {
            "name": "nette/utils",
            "version": "v2.3.6",
            "source": {
                "type": "git",
                "url": "https://github.com/nette/utils.git",
                "reference": "c9dfaec788eb65d5ef10cefed0ae63bc76febaa8"
            },
            "dist": {
                "type": "zip",
                "url": "https://api.github.com/repos/nette/utils/zipball/c9dfaec788eb65d5ef10cefed0ae63bc76febaa8",
                "reference": "c9dfaec788eb65d5ef10cefed0ae63bc76febaa8",
                "shasum": ""
            },
            "require": {
                "php": ">=5.3.1"
            },
            "conflict": {
                "nette/nette": "<2.2"
            },
            "require-dev": {
                "nette/tester": "~1.0"
            },
            "suggest": {
                "ext-gd": "to use Image",
                "ext-iconv": "to use Strings::webalize() and toAscii()",
                "ext-intl": "for script transliteration in Strings::webalize() and toAscii()",
                "ext-mbstring": "to use Strings::lower() etc..."
            },
            "type": "library",
            "autoload": {
                "classmap": [
                    "src/"
                ]
            },
            "notification-url": "https://packagist.org/downloads/",
            "license": [
                "BSD-3-Clause",
                "GPL-2.0",
                "GPL-3.0"
            ],
            "authors": [
                {
                    "name": "David Grudl",
                    "homepage": "https://davidgrudl.com"
                },
                {
                    "name": "Nette Community",
                    "homepage": "https://nette.org/contributors"
                }
            ],
            "description": "Nette Utility Classes",
            "homepage": "https://nette.org",
            "time": "2015-10-05 12:18:24"
        },
        {
            "name": "tracy/tracy",
            "version": "v2.3.6",
            "source": {
                "type": "git",
                "url": "https://github.com/nette/tracy.git",
                "reference": "79831c75b6f48fcb897d25ccae5deec358cb2142"
            },
            "dist": {
                "type": "zip",
                "url": "https://api.github.com/repos/nette/tracy/zipball/79831c75b6f48fcb897d25ccae5deec358cb2142",
                "reference": "79831c75b6f48fcb897d25ccae5deec358cb2142",
                "shasum": ""
            },
            "require": {
                "php": ">=5.3.1"
            },
            "require-dev": {
                "nette/di": "~2.3",
                "nette/tester": "~1.3"
            },
            "type": "library",
            "autoload": {
                "classmap": [
                    "src"
                ],
                "files": [
                    "src/shortcuts.php"
                ]
            },
            "notification-url": "https://packagist.org/downloads/",
            "license": [
                "BSD-3-Clause",
                "GPL-2.0",
                "GPL-3.0"
            ],
            "authors": [
                {
                    "name": "David Grudl",
                    "homepage": "https://davidgrudl.com"
                },
                {
                    "name": "Nette Community",
                    "homepage": "https://nette.org/contributors"
                }
            ],
            "description": "Tracy: useful PHP debugger",
            "homepage": "https://tracy.nette.org",
            "keywords": [
                "debug",
                "debugger",
                "nette"
            ],
            "time": "2015-10-28 23:49:21"
        }
    ],
    "packages-dev": [
        {
            "name": "nette/tester",
            "version": "v1.6.1",
            "source": {
                "type": "git",
                "url": "https://github.com/nette/tester.git",
                "reference": "b0f312e7ab9a70bbd5c92568e2a20dd46be9a529"
            },
            "dist": {
                "type": "zip",
                "url": "https://api.github.com/repos/nette/tester/zipball/b0f312e7ab9a70bbd5c92568e2a20dd46be9a529",
                "reference": "b0f312e7ab9a70bbd5c92568e2a20dd46be9a529",
                "shasum": ""
            },
            "require": {
                "php": ">=5.3.0"
            },
            "bin": [
                "src/tester"
            ],
            "type": "library",
            "extra": {
                "branch-alias": {
                    "dev-master": "1.6-dev"
                }
            },
            "autoload": {
                "classmap": [
                    "src/"
                ]
            },
            "notification-url": "https://packagist.org/downloads/",
            "license": [
                "BSD-3-Clause",
                "GPL-2.0",
                "GPL-3.0"
            ],
            "authors": [
                {
                    "name": "David Grudl",
                    "homepage": "https://davidgrudl.com"
                },
                {
                    "name": "Nette Community",
                    "homepage": "https://nette.org/contributors"
                }
            ],
            "description": "An easy-to-use PHP unit testing framework.",
            "homepage": "https://tester.nette.org",
            "keywords": [
                "nette",
                "testing",
                "unit"
            ],
            "time": "2015-10-26 05:38:30"
        }
    ],
    "aliases": [],
    "minimum-stability": "stable",
    "stability-flags": [],
    "prefer-stable": false,
    "prefer-lowest": false,
    "platform": {
        "php": ">= 5.3.7"
    },
    "platform-dev": []
}
